
Microsoft Visual Studio Solution File, Format Version 12.00
# Visual Studio Version 16
VisualStudioVersion = 16.0.810.8
MinimumVisualStudioVersion = 10.0.40219.1
Project("{FAE04EC0-301F-11D3-BF4B-00C04F79EFBC}") = "Kata-BlackJack", "Kata-BlackJack\Kata-BlackJack.csproj", "{DA60E13F-9501-4941-B3F7-5E01C3EA296B}"
EndProject
Project("{FAE04EC0-301F-11D3-BF4B-00C04F79EFBC}") = "Kata-BlackJack.Test", "Kata-BlackJack.Test\Kata-BlackJack.Test.csproj", "{3C042289-D8D1-49D2-86E8-A626296FB7B9}"
EndProject
Global
	GlobalSection(SolutionConfigurationPlatforms) = preSolution
		Debug|Any CPU = Debug|Any CPU
		Release|Any CPU = Release|Any CPU
	EndGlobalSection
	GlobalSection(ProjectConfigurationPlatforms) = postSolution
		{DA60E13F-9501-4941-B3F7-5E01C3EA296B}.Debug|Any CPU.ActiveCfg = Debug|Any CPU
		{DA60E13F-9501-4941-B3F7-5E01C3EA296B}.Debug|Any CPU.Build.0 = Debug|Any CPU
		{DA60E13F-9501-4941-B3F7-5E01C3EA296B}.Release|Any CPU.ActiveCfg = Release|Any CPU
		{DA60E13F-9501-4941-B3F7-5E01C3EA296B}.Release|Any CPU.Build.0 = Release|Any CPU
		{3C042289-D8D1-49D2-86E8-A626296FB7B9}.Debug|Any CPU.ActiveCfg = Debug|Any CPU
		{3C042289-D8D1-49D2-86E8-A626296FB7B9}.Debug|Any CPU.Build.0 = Debug|Any CPU
		{3C042289-D8D1-49D2-86E8-A626296FB7B9}.Release|Any CPU.ActiveCfg = Release|Any CPU
		{3C042289-D8D1-49D2-86E8-A626296FB7B9}.Release|Any CPU.Build.0 = Release|Any CPU
	EndGlobalSection
	GlobalSection(SolutionProperties) = preSolution
		HideSolutionNode = FALSE
	EndGlobalSection
	GlobalSection(ExtensibilityGlobals) = postSolution
		SolutionGuid = {B7368890-A164-4AFD-B315-02B3B7753A30}
	EndGlobalSection
EndGlobal
